
Microsoft Visual Studio Solution File, Format Version 12.00
# Visual Studio Version 16
VisualStudioVersion = 25.0.1700.6
MinimumVisualStudioVersion = 10.0.40219.1
Project("{FAE04EC0-301F-11D3-BF4B-00C04F79EFBC}") = "DapperDemo", "DapperDemo\DapperDemo.csproj", "{8E6B6317-5E17-4280-8B42-199247D994D6}"
EndProject
Global
	GlobalSection(SolutionConfigurationPlatforms) = preSolution
		Debug|Any CPU = Debug|Any CPU
		Release|Any CPU = Release|Any CPU
	EndGlobalSection
	GlobalSection(ProjectConfigurationPlatforms) = postSolution
		{8E6B6317-5E17-4280-8B42-199247D994D6}.Debug|Any CPU.ActiveCfg = Debug|Any CPU
		{8E6B6317-5E17-4280-8B42-199247D994D6}.Debug|Any CPU.Build.0 = Debug|Any CPU
		{8E6B6317-5E17-4280-8B42-199247D994D6}.Release|Any CPU.ActiveCfg = Release|Any CPU
		{8E6B6317-5E17-4280-8B42-199247D994D6}.Release|Any CPU.Build.0 = Release|Any CPU
	EndGlobalSection
	GlobalSection(SolutionProperties) = preSolution
		HideSolutionNode = FALSE
	EndGlobalSection
	GlobalSection(ExtensibilityGlobals) = postSolution
		SolutionGuid = {EB058238-BAE6-49E4-BB61-19FAC71F6D78}
	EndGlobalSection
EndGlobal
